
Microsoft Visual Studio Solution File, Format Version 12.00
# Visual Studio Version 17
VisualStudioVersion = 17.4.33205.214
MinimumVisualStudioVersion = 10.0.40219.1
Project("{9A19103F-16F7-4668-BE54-9A1E7A4F7556}") = "BankaUygulamasi", "BankaUygulamasi\BankaUygulamasi.csproj", "{3BE8542A-D868-45ED-9211-D3EB036B36C3}"
EndProject
Project("{9A19103F-16F7-4668-BE54-9A1E7A4F7556}") = "KesirProgram", "KesirProgram\KesirProgram.csproj", "{108C36E0-3217-405A-8744-7D055D512700}"
EndProject
Project("{9A19103F-16F7-4668-BE54-9A1E7A4F7556}") = "VektorProgram", "VektorProgram\VektorProgram.csproj", "{29D0006F-C86F-4975-91CE-15D0DC674054}"
EndProject
Project("{9A19103F-16F7-4668-BE54-9A1E7A4F7556}") = "SureProgram", "SureProgram\SureProgram.csproj", "{E3EA7421-30F4-49B1-9621-721AC6AC8340}"
EndProject
Project("{9A19103F-16F7-4668-BE54-9A1E7A4F7556}") = "CizgiProgram", "CizgiProgram\CizgiProgram.csproj", "{E69DCA03-6354-4E73-8966-0EE755294448}"
EndProject
Project("{9A19103F-16F7-4668-BE54-9A1E7A4F7556}") = "SinifKutuphanesi", "SinifKutuphanesi\SinifKutuphanesi.csproj", "{BF0F6FE9-8AC6-4B88-9BD2-9E7B21DC65B0}"
EndProject
Project("{9A19103F-16F7-4668-BE54-9A1E7A4F7556}") = "SinifKutuphanesiTest", "SinifKutuphanesiTest\SinifKutuphanesiTest.csproj", "{47FB422B-D7AD-4C43-9B36-CD251FA0BAE3}"
EndProject
Project("{2150E333-8FDC-42A3-9474-1A3956D46DE8}") = "UML", "UML", "{4AA6E5DF-73EB-4345-9236-834460E7AA6F}"
	ProjectSection(SolutionItems) = preProject
		UML\BST305.vpp = UML\BST305.vpp
		UML\SinifSemalari1-SinifEklemek.png = UML\SinifSemalari1-SinifEklemek.png
		UML\SinifSemalari10-SinifFonksiyonOzellikleriniDuzenlemek.png = UML\SinifSemalari10-SinifFonksiyonOzellikleriniDuzenlemek.png
		UML\SinifSemalari11-SinifaKorumaliUyeEklemek.png = UML\SinifSemalari11-SinifaKorumaliUyeEklemek.png
		UML\SinifSemalari12-UMLDilKonfigürasyonuAcmak.png = UML\SinifSemalari12-UMLDilKonfigürasyonuAcmak.png
		UML\SinifSemalari13-UMLDilSeceneginiDegistirmek.png = UML\SinifSemalari13-UMLDilSeceneginiDegistirmek.png
		UML\SinifSemalari14-SinifFonksiyonuVirtualEtiketlemek.png = UML\SinifSemalari14-SinifFonksiyonuVirtualEtiketlemek.png
		UML\SinifSemalari15-SinifFonksiyonuOverrideEtiketlemek.png = UML\SinifSemalari15-SinifFonksiyonuOverrideEtiketlemek.png
		UML\SinifSemalari16-SinifTuretme(Generlization)IliskisiEklemek.png = UML\SinifSemalari16-SinifTuretme(Generlization)IliskisiEklemek.png
		UML\SinifSemalari17-VisualParadigmBaskaSemaSecmek.png = UML\SinifSemalari17-VisualParadigmBaskaSemaSecmek.png
		UML\SinifSemalari18-ProjedekiSinifTurundenElemanEklemek.png = UML\SinifSemalari18-ProjedekiSinifTurundenElemanEklemek.png
		UML\SinifSemalari19-SinifaDiziTuruUyeEklemek.png = UML\SinifSemalari19-SinifaDiziTuruUyeEklemek.png
		UML\SinifSemalari2-SinifKutusunuBoyutlandirmak.png = UML\SinifSemalari2-SinifKutusunuBoyutlandirmak.png
		UML\SinifSemalari20-GruplamaIliskisiSecmek.png = UML\SinifSemalari20-GruplamaIliskisiSecmek.png
		UML\SinifSemalari21-GruplamaIliskisiEklemek.png = UML\SinifSemalari21-GruplamaIliskisiEklemek.png
		UML\SinifSemalari22-GruplamaIliskisiCoklukBelirlemek.png = UML\SinifSemalari22-GruplamaIliskisiCoklukBelirlemek.png
		UML\SinifSemalari23-GruplamaIliskisiSonGorunum.png = UML\SinifSemalari23-GruplamaIliskisiSonGorunum.png
		UML\SinifSemalari3-SinifaUyeDegisken(Attribute)Eklemek.png = UML\SinifSemalari3-SinifaUyeDegisken(Attribute)Eklemek.png
		UML\SinifSemalari4-SinifUyesiAdveTipBelirtmek.png = UML\SinifSemalari4-SinifUyesiAdveTipBelirtmek.png
		UML\SinifSemalari5-SinifUyesiOzelliklerFormunuAcmak.png = UML\SinifSemalari5-SinifUyesiOzelliklerFormunuAcmak.png
		UML\SinifSemalari6-OzelliklerFormundaSinifUyesiniDuzenlemek.png = UML\SinifSemalari6-OzelliklerFormundaSinifUyesiniDuzenlemek.png
		UML\SinifSemalari7-SinifaKurucuFonksiyonTanimiEklemek.png = UML\SinifSemalari7-SinifaKurucuFonksiyonTanimiEklemek.png
		UML\SinifSemalari8-SinifKurucuFonksiyonParametreleriEklemek.png = UML\SinifSemalari8-SinifKurucuFonksiyonParametreleriEklemek.png
		UML\SinifSemalari9-SinifaMetodveyaFonksiyonEklemek.png = UML\SinifSemalari9-SinifaMetodveyaFonksiyonEklemek.png
	EndProjectSection
EndProject
Global
	GlobalSection(SolutionConfigurationPlatforms) = preSolution
		Debug|Any CPU = Debug|Any CPU
		Release|Any CPU = Release|Any CPU
	EndGlobalSection
	GlobalSection(ProjectConfigurationPlatforms) = postSolution
		{3BE8542A-D868-45ED-9211-D3EB036B36C3}.Debug|Any CPU.ActiveCfg = Debug|Any CPU
		{3BE8542A-D868-45ED-9211-D3EB036B36C3}.Debug|Any CPU.Build.0 = Debug|Any CPU
		{3BE8542A-D868-45ED-9211-D3EB036B36C3}.Release|Any CPU.ActiveCfg = Release|Any CPU
		{3BE8542A-D868-45ED-9211-D3EB036B36C3}.Release|Any CPU.Build.0 = Release|Any CPU
		{108C36E0-3217-405A-8744-7D055D512700}.Debug|Any CPU.ActiveCfg = Debug|Any CPU
		{108C36E0-3217-405A-8744-7D055D512700}.Debug|Any CPU.Build.0 = Debug|Any CPU
		{108C36E0-3217-405A-8744-7D055D512700}.Release|Any CPU.ActiveCfg = Release|Any CPU
		{108C36E0-3217-405A-8744-7D055D512700}.Release|Any CPU.Build.0 = Release|Any CPU
		{29D0006F-C86F-4975-91CE-15D0DC674054}.Debug|Any CPU.ActiveCfg = Debug|Any CPU
		{29D0006F-C86F-4975-91CE-15D0DC674054}.Debug|Any CPU.Build.0 = Debug|Any CPU
		{29D0006F-C86F-4975-91CE-15D0DC674054}.Release|Any CPU.ActiveCfg = Release|Any CPU
		{29D0006F-C86F-4975-91CE-15D0DC674054}.Release|Any CPU.Build.0 = Release|Any CPU
		{E3EA7421-30F4-49B1-9621-721AC6AC8340}.Debug|Any CPU.ActiveCfg = Debug|Any CPU
		{E3EA7421-30F4-49B1-9621-721AC6AC8340}.Debug|Any CPU.Build.0 = Debug|Any CPU
		{E3EA7421-30F4-49B1-9621-721AC6AC8340}.Release|Any CPU.ActiveCfg = Release|Any CPU
		{E3EA7421-30F4-49B1-9621-721AC6AC8340}.Release|Any CPU.Build.0 = Release|Any CPU
		{E69DCA03-6354-4E73-8966-0EE755294448}.Debug|Any CPU.ActiveCfg = Debug|Any CPU
		{E69DCA03-6354-4E73-8966-0EE755294448}.Debug|Any CPU.Build.0 = Debug|Any CPU
		{E69DCA03-6354-4E73-8966-0EE755294448}.Release|Any CPU.ActiveCfg = Release|Any CPU
		{E69DCA03-6354-4E73-8966-0EE755294448}.Release|Any CPU.Build.0 = Release|Any CPU
		{BF0F6FE9-8AC6-4B88-9BD2-9E7B21DC65B0}.Debug|Any CPU.ActiveCfg = Debug|Any CPU
		{BF0F6FE9-8AC6-4B88-9BD2-9E7B21DC65B0}.Debug|Any CPU.Build.0 = Debug|Any CPU
		{BF0F6FE9-8AC6-4B88-9BD2-9E7B21DC65B0}.Release|Any CPU.ActiveCfg = Release|Any CPU
		{BF0F6FE9-8AC6-4B88-9BD2-9E7B21DC65B0}.Release|Any CPU.Build.0 = Release|Any CPU
		{47FB422B-D7AD-4C43-9B36-CD251FA0BAE3}.Debug|Any CPU.ActiveCfg = Debug|Any CPU
		{47FB422B-D7AD-4C43-9B36-CD251FA0BAE3}.Debug|Any CPU.Build.0 = Debug|Any CPU
		{47FB422B-D7AD-4C43-9B36-CD251FA0BAE3}.Release|Any CPU.ActiveCfg = Release|Any CPU
		{47FB422B-D7AD-4C43-9B36-CD251FA0BAE3}.Release|Any CPU.Build.0 = Release|Any CPU
	EndGlobalSection
	GlobalSection(SolutionProperties) = preSolution
		HideSolutionNode = FALSE
	EndGlobalSection
	GlobalSection(ExtensibilityGlobals) = postSolution
		SolutionGuid = {D3DEE520-4338-4753-8DB8-0310E548E259}
	EndGlobalSection
EndGlobal
